{
  "name": "base",
  "version": "1.0.0",
  "lockfileVersion": 2,
  "requires": true,
  "packages": {
    "": {
      "version": "1.0.0",
      "license": "ISC",
      "dependencies": {
        "@codemirror/autocomplete": "^0.18.5",
        "@codemirror/basic-setup": "^0.18.1",
        "@codemirror/lang-javascript": "^0.18.0",
        "@rollup/plugin-node-resolve": "^13.0.0",
        "rollup": "^2.49.0"
      }
    },
    "node_modules/@codemirror/autocomplete": {
      "version": "0.18.5",
      "resolved": "https://registry.npmjs.org/@codemirror/autocomplete/-/autocomplete-0.18.5.tgz",
      "integrity": "sha512-Zp/HMTwvaP4B01HQx+5Ga0xBBLAwNaAlbALip355NPRBkYX9PZheX5b/F5IUAdI6kIrF2eYz1xAOChXgYg9maw==",
      "dependencies": {
        "@codemirror/language": "^0.18.0",
        "@codemirror/state": "^0.18.0",
        "@codemirror/text": "^0.18.0",
        "@codemirror/tooltip": "^0.18.4",
        "@codemirror/view": "^0.18.0",
        "lezer-tree": "^0.13.0"
      }
    },
    "node_modules/@codemirror/basic-setup": {
      "version": "0.18.1",
      "resolved": "https://registry.npmjs.org/@codemirror/basic-setup/-/basic-setup-0.18.1.tgz",
      "integrity": "sha512-ItDjFVGtVzAlIHWFWoLEf+CL28CplNpiXpzFKVVfnJaJivWRx7jRYo8HbglpA445tUc1LF2OsRaP5jXn86/mgA==",
      "dependencies": {
        "@codemirror/autocomplete": "^0.18.0",
        "@codemirror/closebrackets": "^0.18.0",
        "@codemirror/commands": "^0.18.0",
        "@codemirror/comment": "^0.18.0",
        "@codemirror/fold": "^0.18.0",
        "@codemirror/gutter": "^0.18.0",
        "@codemirror/highlight": "^0.18.0",
        "@codemirror/history": "^0.18.0",
        "@codemirror/language": "^0.18.0",
        "@codemirror/lint": "^0.18.0",
        "@codemirror/matchbrackets": "^0.18.0",
        "@codemirror/rectangular-selection": "^0.18.0",
        "@codemirror/search": "^0.18.0",
        "@codemirror/state": "^0.18.0",
        "@codemirror/view": "^0.18.0"
      }
    },
    "node_modules/@codemirror/closebrackets": {
      "version": "0.18.0",
      "resolved": "https://registry.npmjs.org/@codemirror/closebrackets/-/closebrackets-0.18.0.tgz",
      "integrity": "sha512-O1RAgUkzF4nq/B8IyXenZKZ1rJi2Mc7I6y4IhWhELiTnjyQy7YdAthTsJ40mNr8kZ6gRbasYe3K7TraITElZJA==",
      "dependencies": {
        "@codemirror/language": "^0.18.0",
        "@codemirror/rangeset": "^0.18.0",
        "@codemirror/state": "^0.18.0",
        "@codemirror/text": "^0.18.0",
        "@codemirror/view": "^0.18.0"
      }
    },
    "node_modules/@codemirror/commands": {
      "version": "0.18.2",
      "resolved": "https://registry.npmjs.org/@codemirror/commands/-/commands-0.18.2.tgz",
      "integrity": "sha512-NeIpsQe5yUIhG7sD1HPaw/9TO5V7miMKwGwhT/0tkgkmgnMtJcgnguM1gjaUlaZ09BBJO6s61D8JHNDUvBI6tA==",
      "dependencies": {
        "@codemirror/language": "^0.18.0",
        "@codemirror/matchbrackets": "^0.18.0",
        "@codemirror/state": "^0.18.0",
        "@codemirror/text": "^0.18.0",
        "@codemirror/view": "^0.18.0",
        "lezer-tree": "^0.13.0"
      }
    },
    "node_modules/@codemirror/comment": {
      "version": "0.18.1",
      "resolved": "https://registry.npmjs.org/@codemirror/comment/-/comment-0.18.1.tgz",
      "integrity": "sha512-Inhqs0F24WE28Fcp1dBZghwixBGv1HDwY9MjE0d5tpMY/IPGI6uT30fGyHAXrir6hUqk7eJRkO4UYnODGOnoIA==",
      "dependencies": {
        "@codemirror/state": "^0.18.0",
        "@codemirror/text": "^0.18.0",
        "@codemirror/view": "^0.18.0"
      }
    },
    "node_modules/@codemirror/fold": {
      "version": "0.18.1",
      "resolved": "https://registry.npmjs.org/@codemirror/fold/-/fold-0.18.1.tgz",
      "integrity": "sha512-vvMUgDeSmeVow7/75YoNTERxPsdnIBeEw1JL2YVpLyscsUlalqwuxdhiHDLT5zjAu6JvMoTC103mwqgAYwM9tA==",
      "dependencies": {
        "@codemirror/gutter": "^0.18.0",
        "@codemirror/language": "^0.18.0",
        "@codemirror/rangeset": "^0.18.0",
        "@codemirror/state": "^0.18.0",
        "@codemirror/view": "^0.18.0"
      }
    },
    "node_modules/@codemirror/gutter": {
      "version": "0.18.3",
      "resolved": "https://registry.npmjs.org/@codemirror/gutter/-/gutter-0.18.3.tgz",
      "integrity": "sha512-9ZLpR3s3MCPtB5fpRAy8af89GjO763XB4GE4HLBnESS7E1CHAuHFSTyd/ZqKHZogueF1mJhv9IQnCamEYcNMQw==",
      "dependencies": {
        "@codemirror/rangeset": "^0.18.0",
        "@codemirror/state": "^0.18.0",
        "@codemirror/view": "^0.18.0"
      }
    },
    "node_modules/@codemirror/highlight": {
      "version": "0.18.4",
      "resolved": "https://registry.npmjs.org/@codemirror/highlight/-/highlight-0.18.4.tgz",
      "integrity": "sha512-3azJntqWrShOIq/0kVcdMc9k7ACL0LQErgK+A6aWXmCj5Mx0gShq+Iajy8AMQ2zB0v3nhCBgFaniL1LLD5m5hQ==",
      "dependencies": {
        "@codemirror/language": "^0.18.0",
        "@codemirror/rangeset": "^0.18.0",
        "@codemirror/state": "^0.18.0",
        "@codemirror/view": "^0.18.0",
        "lezer-tree": "^0.13.0",
        "style-mod": "^4.0.0"
      }
    },
    "node_modules/@codemirror/history": {
      "version": "0.18.1",
      "resolved": "https://registry.npmjs.org/@codemirror/history/-/history-0.18.1.tgz",
      "integrity": "sha512-Aad3p4zs6UYKCUMXYjh7cvPK0ajuL+rMib9yBZ61w81LLl6OkM31Xrn9J6CLJmPxCwP3OJFiqBmNSBQ05oIsTw==",
      "dependencies": {
        "@codemirror/state": "^0.18.3",
        "@codemirror/view": "^0.18.0"
      }
    },
    "node_modules/@codemirror/lang-javascript": {
      "version": "0.18.0",
      "resolved": "https://registry.npmjs.org/@codemirror/lang-javascript/-/lang-javascript-0.18.0.tgz",
      "integrity": "sha512-4KOkwXED9v39c17pIWoy+WKrNAYaKnAR/RRF8QZIqpuYjnMwGTe7GxMKKdq7E557fGzCVr7m34Qy7Gkhr5B41g==",
      "dependencies": {
        "@codemirror/autocomplete": "^0.18.0",
        "@codemirror/highlight": "^0.18.0",
        "@codemirror/language": "^0.18.0",
        "@codemirror/lint": "^0.18.0",
        "@codemirror/state": "^0.18.0",
        "@codemirror/view": "^0.18.0",
        "lezer-javascript": "^0.13.0"
      }
    },
    "node_modules/@codemirror/language": {
      "version": "0.18.1",
      "resolved": "https://registry.npmjs.org/@codemirror/language/-/language-0.18.1.tgz",
      "integrity": "sha512-j/TWV8sNmzU79kk/hPLb9NqSPoH59850kQSpgY11LxOEBlKVRKgaWabgNtUCSeVCAnfisGekupk3aq2ftILqug==",
      "dependencies": {
        "@codemirror/state": "^0.18.0",
        "@codemirror/text": "^0.18.0",
        "@codemirror/view": "^0.18.0",
        "lezer": "^0.13.4",
        "lezer-tree": "^0.13.0"
      }
    },
    "node_modules/@codemirror/lint": {
      "version": "0.18.3",
      "resolved": "https://registry.npmjs.org/@codemirror/lint/-/lint-0.18.3.tgz",
      "integrity": "sha512-ORD8bGQRv5FATJ/LUmhaVPz69ucNjMCQ53WF8TqYMw6KtlTwAFsi+GvEhYyav7CdXPAXS/Z/j0C0Op8d1Dp+lQ==",
      "dependencies": {
        "@codemirror/panel": "^0.18.1",
        "@codemirror/state": "^0.18.0",
        "@codemirror/tooltip": "^0.18.4",
        "@codemirror/view": "^0.18.0",
        "crelt": "^1.0.5"
      }
    },
    "node_modules/@codemirror/matchbrackets": {
      "version": "0.18.0",
      "resolved": "https://registry.npmjs.org/@codemirror/matchbrackets/-/matchbrackets-0.18.0.tgz",
      "integrity": "sha512-dPDopnZVkD54sSYdmQbyQbPdiuIA83p7XxX6Hp1ScEkOjukwCiFXiA/84x10FUTsQpUYp8bDzm7gwII119bGIw==",
      "dependencies": {
        "@codemirror/language": "^0.18.0",
        "@codemirror/state": "^0.18.0",
        "@codemirror/view": "^0.18.0",
        "lezer-tree": "^0.13.0"
      }
    },
    "node_modules/@codemirror/panel": {
      "version": "0.18.2",
      "resolved": "https://registry.npmjs.org/@codemirror/panel/-/panel-0.18.2.tgz",
      "integrity": "sha512-ea/g2aAKtfmie1kD7C8GDutD/5u+uzRJr/varUiAbHKr1sAdjtz5xYvC3GBAMYMan1GOh0vD5zP1yEupJl3b3Q==",
      "dependencies": {
        "@codemirror/state": "^0.18.0",
        "@codemirror/view": "^0.18.0"
      }
    },
    "node_modules/@codemirror/rangeset": {
      "version": "0.18.1",
      "resolved": "https://registry.npmjs.org/@codemirror/rangeset/-/rangeset-0.18.1.tgz",
      "integrity": "sha512-Q+t92KlvDDD9oNXOvYHNL3kEUF1Y595OjSsl5GNZYI2JPY8IW9PoH1z37sgqgxMMuWQrDNp6AOrnd2j/7uBhFA==",
      "dependencies": {
        "@codemirror/state": "^0.18.0"
      }
    },
    "node_modules/@codemirror/rectangular-selection": {
      "version": "0.18.0",
      "resolved": "https://registry.npmjs.org/@codemirror/rectangular-selection/-/rectangular-selection-0.18.0.tgz",
      "integrity": "sha512-BQ4pp2zhXCVZNqct5LtLR3AOWVseENBF/3oOgBmwsCKH7c11NfTqIqgWG5EW8NLOXp8HP8cDm3np8eWez0VkGQ==",
      "dependencies": {
        "@codemirror/state": "^0.18.0",
        "@codemirror/text": "^0.18.0",
        "@codemirror/view": "^0.18.0"
      }
    },
    "node_modules/@codemirror/search": {
      "version": "0.18.3",
      "resolved": "https://registry.npmjs.org/@codemirror/search/-/search-0.18.3.tgz",
      "integrity": "sha512-9s8ltRtBHcEZmE9lHBmYArfdj9bpsCkxLYjvrzOVqix3wv5DVAgcfk3Kd1WkahhkTzycYULC+r9KKmelUEyTbg==",
      "dependencies": {
        "@codemirror/panel": "^0.18.1",
        "@codemirror/rangeset": "^0.18.0",
        "@codemirror/state": "^0.18.6",
        "@codemirror/text": "^0.18.0",
        "@codemirror/view": "^0.18.0",
        "crelt": "^1.0.5"
      }
    },
    "node_modules/@codemirror/state": {
      "version": "0.18.7",
      "resolved": "https://registry.npmjs.org/@codemirror/state/-/state-0.18.7.tgz",
      "integrity": "sha512-cVyTiAC9vv90NKmGOfNtBjyIem3BqKui1L5Hfcxurp8K9votQj2oH9COcgWPnQ2Xs64yC70tEuTt9DF1pj5PFQ==",
      "dependencies": {
        "@codemirror/text": "^0.18.0"
      }
    },
    "node_modules/@codemirror/text": {
      "version": "0.18.0",
      "resolved": "https://registry.npmjs.org/@codemirror/text/-/text-0.18.0.tgz",
      "integrity": "sha512-HMzHNIAbjCiCf3tEJMRg6ul01KPuXxQGNiHlHgAnqPguq/CX+L4Nvj5JlWQAI91Pupk18zhmM1c6eaazX4YeTg=="
    },
    "node_modules/@codemirror/tooltip": {
      "version": "0.18.4",
      "resolved": "https://registry.npmjs.org/@codemirror/tooltip/-/tooltip-0.18.4.tgz",
      "integrity": "sha512-LDlDOSEfjoG24uapLN7exK3Z3JchYFKUwWqo1x/9YdlAkmD1ik7cMSQZboCquP1uJVcXhtbpKmaO6vENGVaarg==",
      "dependencies": {
        "@codemirror/state": "^0.18.0",
        "@codemirror/view": "^0.18.0"
      }
    },
    "node_modules/@codemirror/view": {
      "version": "0.18.13",
      "resolved": "https://registry.npmjs.org/@codemirror/view/-/view-0.18.13.tgz",
      "integrity": "sha512-3aFEh9UB3JyYXG0GTneC8q6KQ87obftwHtis8FI/7NeiLfT+miuVj1By1IteRDpTQQ+7FbFnjDw4WFYhEHBcaw==",
      "dependencies": {
        "@codemirror/rangeset": "^0.18.0",
        "@codemirror/state": "^0.18.0",
        "@codemirror/text": "^0.18.0",
        "style-mod": "^4.0.0",
        "w3c-keyname": "^2.2.4"
      }
    },
    "node_modules/@rollup/plugin-node-resolve": {
      "version": "13.0.0",
      "resolved": "https://registry.npmjs.org/@rollup/plugin-node-resolve/-/plugin-node-resolve-13.0.0.tgz",
      "integrity": "sha512-41X411HJ3oikIDivT5OKe9EZ6ud6DXudtfNrGbC4nniaxx2esiWjkLOzgnZsWq1IM8YIeL2rzRGLZLBjlhnZtQ==",
      "dependencies": {
        "@rollup/pluginutils": "^3.1.0",
        "@types/resolve": "1.17.1",
        "builtin-modules": "^3.1.0",
        "deepmerge": "^4.2.2",
        "is-module": "^1.0.0",
        "resolve": "^1.19.0"
      },
      "engines": {
        "node": ">= 10.0.0"
      },
      "peerDependencies": {
        "rollup": "^2.42.0"
      }
    },
    "node_modules/@rollup/pluginutils": {
      "version": "3.1.0",
      "resolved": "https://registry.npmjs.org/@rollup/pluginutils/-/pluginutils-3.1.0.tgz",
      "integrity": "sha512-GksZ6pr6TpIjHm8h9lSQ8pi8BE9VeubNT0OMJ3B5uZJ8pz73NPiqOtCog/x2/QzM1ENChPKxMDhiQuRHsqc+lg==",
      "dependencies": {
        "@types/estree": "0.0.39",
        "estree-walker": "^1.0.1",
        "picomatch": "^2.2.2"
      },
      "engines": {
        "node": ">= 8.0.0"
      },
      "peerDependencies": {
        "rollup": "^1.20.0||^2.0.0"
      }
    },
    "node_modules/@types/estree": {
      "version": "0.0.39",
      "resolved": "https://registry.npmjs.org/@types/estree/-/estree-0.0.39.tgz",
      "integrity": "sha512-EYNwp3bU+98cpU4lAWYYL7Zz+2gryWH1qbdDTidVd6hkiR6weksdbMadyXKXNPEkQFhXM+hVO9ZygomHXp+AIw=="
    },
    "node_modules/@types/node": {
      "version": "15.6.0",
      "resolved": "https://registry.npmjs.org/@types/node/-/node-15.6.0.tgz",
      "integrity": "sha512-gCYSfQpy+LYhOFTKAeE8BkyGqaxmlFxe+n4DKM6DR0wzw/HISUE/hAmkC/KT8Sw5PCJblqg062b3z9gucv3k0A=="
    },
    "node_modules/@types/resolve": {
      "version": "1.17.1",
      "resolved": "https://registry.npmjs.org/@types/resolve/-/resolve-1.17.1.tgz",
      "integrity": "sha512-yy7HuzQhj0dhGpD8RLXSZWEkLsV9ibvxvi6EiJ3bkqLAO1RGo0WbkWQiwpRlSFymTJRz0d3k5LM3kkx8ArDbLw==",
      "dependencies": {
        "@types/node": "*"
      }
    },
    "node_modules/builtin-modules": {
      "version": "3.2.0",
      "resolved": "https://registry.npmjs.org/builtin-modules/-/builtin-modules-3.2.0.tgz",
      "integrity": "sha512-lGzLKcioL90C7wMczpkY0n/oART3MbBa8R9OFGE1rJxoVI86u4WAGfEk8Wjv10eKSyTHVGkSo3bvBylCEtk7LA==",
      "engines": {
        "node": ">=6"
      },
      "funding": {
        "url": "https://github.com/sponsors/sindresorhus"
      }
    },
    "node_modules/crelt": {
      "version": "1.0.5",
      "resolved": "https://registry.npmjs.org/crelt/-/crelt-1.0.5.tgz",
      "integrity": "sha512-+BO9wPPi+DWTDcNYhr/W90myha8ptzftZT+LwcmUbbok0rcP/fequmFYCw8NMoH7pkAZQzU78b3kYrlua5a9eA=="
    },
    "node_modules/deepmerge": {
      "version": "4.2.2",
      "resolved": "https://registry.npmjs.org/deepmerge/-/deepmerge-4.2.2.tgz",
      "integrity": "sha512-FJ3UgI4gIl+PHZm53knsuSFpE+nESMr7M4v9QcgB7S63Kj/6WqMiFQJpBBYz1Pt+66bZpP3Q7Lye0Oo9MPKEdg==",
      "engines": {
        "node": ">=0.10.0"
      }
    },
    "node_modules/estree-walker": {
      "version": "1.0.1",
      "resolved": "https://registry.npmjs.org/estree-walker/-/estree-walker-1.0.1.tgz",
      "integrity": "sha512-1fMXF3YP4pZZVozF8j/ZLfvnR8NSIljt56UhbZ5PeeDmmGHpgpdwQt7ITlGvYaQukCvuBRMLEiKiYC+oeIg4cg=="
    },
    "node_modules/fsevents": {
      "version": "2.3.2",
      "resolved": "https://registry.npmjs.org/fsevents/-/fsevents-2.3.2.tgz",
      "integrity": "sha512-xiqMQR4xAeHTuB9uWm+fFRcIOgKBMiOBP+eXiyT7jsgVCq1bkVygt00oASowB7EdtpOHaaPgKt812P9ab+DDKA==",
      "hasInstallScript": true,
      "optional": true,
      "os": [
        "darwin"
      ],
      "engines": {
        "node": "^8.16.0 || ^10.6.0 || >=11.0.0"
      }
    },
    "node_modules/function-bind": {
      "version": "1.1.1",
      "resolved": "https://registry.npmjs.org/function-bind/-/function-bind-1.1.1.tgz",
      "integrity": "sha512-yIovAzMX49sF8Yl58fSCWJ5svSLuaibPxXQJFLmBObTuCr0Mf1KiPopGM9NiFjiYBCbfaa2Fh6breQ6ANVTI0A=="
    },
    "node_modules/has": {
      "version": "1.0.3",
      "resolved": "https://registry.npmjs.org/has/-/has-1.0.3.tgz",
      "integrity": "sha512-f2dvO0VU6Oej7RkWJGrehjbzMAjFp5/VKPp5tTpWIV4JHHZK1/BxbFRtf/siA2SWTe09caDmVtYYzWEIbBS4zw==",
      "dependencies": {
        "function-bind": "^1.1.1"
      },
      "engines": {
        "node": ">= 0.4.0"
      }
    },
    "node_modules/is-core-module": {
      "version": "2.4.0",
      "resolved": "https://registry.npmjs.org/is-core-module/-/is-core-module-2.4.0.tgz",
      "integrity": "sha512-6A2fkfq1rfeQZjxrZJGerpLCTHRNEBiSgnu0+obeJpEPZRUooHgsizvzv0ZjJwOz3iWIHdJtVWJ/tmPr3D21/A==",
      "dependencies": {
        "has": "^1.0.3"
      },
      "funding": {
        "url": "https://github.com/sponsors/ljharb"
      }
    },
    "node_modules/is-module": {
      "version": "1.0.0",
      "resolved": "https://registry.npmjs.org/is-module/-/is-module-1.0.0.tgz",
      "integrity": "sha1-Mlj7afeMFNW4FdZkM2tM/7ZEFZE="
    },
    "node_modules/lezer": {
      "version": "0.13.5",
      "resolved": "https://registry.npmjs.org/lezer/-/lezer-0.13.5.tgz",
      "integrity": "sha512-cAiMQZGUo2BD8mpcz7Nv1TlKzWP7YIdIRrX41CiP5bk5t4GHxskOxWUx2iAOuHlz8dO+ivbuXr0J1bfHsWD+lQ==",
      "dependencies": {
        "lezer-tree": "^0.13.2"
      }
    },
    "node_modules/lezer-javascript": {
      "version": "0.13.4",
      "resolved": "https://registry.npmjs.org/lezer-javascript/-/lezer-javascript-0.13.4.tgz",
      "integrity": "sha512-nhRbeSwPZo2xVYq6TWyUhi/r9j0CFSUpkuA5J992Az2AYZFw2HnGVjixfP43DKufL+npJwSy0qcCcAHFQ2bFOQ==",
      "dependencies": {
        "lezer": "^0.13.0"
      }
    },
    "node_modules/lezer-tree": {
      "version": "0.13.2",
      "resolved": "https://registry.npmjs.org/lezer-tree/-/lezer-tree-0.13.2.tgz",
      "integrity": "sha512-15ZxW8TxVNAOkHIo43Iouv4zbSkQQ5chQHBpwXcD2bBFz46RB4jYLEEww5l1V0xyIx9U2clSyyrLes+hAUFrGQ=="
    },
    "node_modules/path-parse": {
      "version": "1.0.6",
      "resolved": "https://registry.npmjs.org/path-parse/-/path-parse-1.0.6.tgz",
      "integrity": "sha512-GSmOT2EbHrINBf9SR7CDELwlJ8AENk3Qn7OikK4nFYAu3Ote2+JYNVvkpAEQm3/TLNEJFD/xZJjzyxg3KBWOzw=="
    },
    "node_modules/picomatch": {
      "version": "2.3.0",
      "resolved": "https://registry.npmjs.org/picomatch/-/picomatch-2.3.0.tgz",
      "integrity": "sha512-lY1Q/PiJGC2zOv/z391WOTD+Z02bCgsFfvxoXXf6h7kv9o+WmsmzYqrAwY63sNgOxE4xEdq0WyUnXfKeBrSvYw==",
      "engines": {
        "node": ">=8.6"
      },
      "funding": {
        "url": "https://github.com/sponsors/jonschlinkert"
      }
    },
    "node_modules/resolve": {
      "version": "1.20.0",
      "resolved": "https://registry.npmjs.org/resolve/-/resolve-1.20.0.tgz",
      "integrity": "sha512-wENBPt4ySzg4ybFQW2TT1zMQucPK95HSh/nq2CFTZVOGut2+pQvSsgtda4d26YrYcr067wjbmzOG8byDPBX63A==",
      "dependencies": {
        "is-core-module": "^2.2.0",
        "path-parse": "^1.0.6"
      },
      "funding": {
        "url": "https://github.com/sponsors/ljharb"
      }
    },
    "node_modules/rollup": {
      "version": "2.49.0",
      "resolved": "https://registry.npmjs.org/rollup/-/rollup-2.49.0.tgz",
      "integrity": "sha512-UnrCjMXICx9q0jF8L7OYs7LPk95dW0U5UYp/VANnWqfuhyr66FWi/YVlI34Oy8Tp4ZGLcaUDt4APJm80b9oPWQ==",
      "bin": {
        "rollup": "dist/bin/rollup"
      },
      "engines": {
        "node": ">=10.0.0"
      },
      "optionalDependencies": {
        "fsevents": "~2.3.1"
      }
    },
    "node_modules/style-mod": {
      "version": "4.0.0",
      "resolved": "https://registry.npmjs.org/style-mod/-/style-mod-4.0.0.tgz",
      "integrity": "sha512-OPhtyEjyyN9x3nhPsu76f52yUGXiZcgvsrFVtvTkyGRQJ0XK+GPc6ov1z+lRpbeabka+MYEQxOYRnt5nF30aMw=="
    },
    "node_modules/w3c-keyname": {
      "version": "2.2.4",
      "resolved": "https://registry.npmjs.org/w3c-keyname/-/w3c-keyname-2.2.4.tgz",
      "integrity": "sha512-tOhfEwEzFLJzf6d1ZPkYfGj+FWhIpBux9ppoP3rlclw3Z0BZv3N7b7030Z1kYth+6rDuAsXUFr+d0VE6Ed1ikw=="
    }
  },
  "dependencies": {
    "@codemirror/autocomplete": {
      "version": "0.18.5",
      "resolved": "https://registry.npmjs.org/@codemirror/autocomplete/-/autocomplete-0.18.5.tgz",
      "integrity": "sha512-Zp/HMTwvaP4B01HQx+5Ga0xBBLAwNaAlbALip355NPRBkYX9PZheX5b/F5IUAdI6kIrF2eYz1xAOChXgYg9maw==",
      "requires": {
        "@codemirror/language": "^0.18.0",
        "@codemirror/state": "^0.18.0",
        "@codemirror/text": "^0.18.0",
        "@codemirror/tooltip": "^0.18.4",
        "@codemirror/view": "^0.18.0",
        "lezer-tree": "^0.13.0"
      }
    },
    "@codemirror/basic-setup": {
      "version": "0.18.1",
      "resolved": "https://registry.npmjs.org/@codemirror/basic-setup/-/basic-setup-0.18.1.tgz",
      "integrity": "sha512-ItDjFVGtVzAlIHWFWoLEf+CL28CplNpiXpzFKVVfnJaJivWRx7jRYo8HbglpA445tUc1LF2OsRaP5jXn86/mgA==",
      "requires": {
        "@codemirror/autocomplete": "^0.18.0",
        "@codemirror/closebrackets": "^0.18.0",
        "@codemirror/commands": "^0.18.0",
        "@codemirror/comment": "^0.18.0",
        "@codemirror/fold": "^0.18.0",
        "@codemirror/gutter": "^0.18.0",
        "@codemirror/highlight": "^0.18.0",
        "@codemirror/history": "^0.18.0",
        "@codemirror/language": "^0.18.0",
        "@codemirror/lint": "^0.18.0",
        "@codemirror/matchbrackets": "^0.18.0",
        "@codemirror/rectangular-selection": "^0.18.0",
        "@codemirror/search": "^0.18.0",
        "@codemirror/state": "^0.18.0",
        "@codemirror/view": "^0.18.0"
      }
    },
    "@codemirror/closebrackets": {
      "version": "0.18.0",
      "resolved": "https://registry.npmjs.org/@codemirror/closebrackets/-/closebrackets-0.18.0.tgz",
      "integrity": "sha512-O1RAgUkzF4nq/B8IyXenZKZ1rJi2Mc7I6y4IhWhELiTnjyQy7YdAthTsJ40mNr8kZ6gRbasYe3K7TraITElZJA==",
      "requires": {
        "@codemirror/language": "^0.18.0",
        "@codemirror/rangeset": "^0.18.0",
        "@codemirror/state": "^0.18.0",
        "@codemirror/text": "^0.18.0",
        "@codemirror/view": "^0.18.0"
      }
    },
    "@codemirror/commands": {
      "version": "0.18.2",
      "resolved": "https://registry.npmjs.org/@codemirror/commands/-/commands-0.18.2.tgz",
      "integrity": "sha512-NeIpsQe5yUIhG7sD1HPaw/9TO5V7miMKwGwhT/0tkgkmgnMtJcgnguM1gjaUlaZ09BBJO6s61D8JHNDUvBI6tA==",
      "requires": {
        "@codemirror/language": "^0.18.0",
        "@codemirror/matchbrackets": "^0.18.0",
        "@codemirror/state": "^0.18.0",
        "@codemirror/text": "^0.18.0",
        "@codemirror/view": "^0.18.0",
        "lezer-tree": "^0.13.0"
      }
    },
    "@codemirror/comment": {
      "version": "0.18.1",
      "resolved": "https://registry.npmjs.org/@codemirror/comment/-/comment-0.18.1.tgz",
      "integrity": "sha512-Inhqs0F24WE28Fcp1dBZghwixBGv1HDwY9MjE0d5tpMY/IPGI6uT30fGyHAXrir6hUqk7eJRkO4UYnODGOnoIA==",
      "requires": {
        "@codemirror/state": "^0.18.0",
        "@codemirror/text": "^0.18.0",
        "@codemirror/view": "^0.18.0"
      }
    },
    "@codemirror/fold": {
      "version": "0.18.1",
      "resolved": "https://registry.npmjs.org/@codemirror/fold/-/fold-0.18.1.tgz",
      "integrity": "sha512-vvMUgDeSmeVow7/75YoNTERxPsdnIBeEw1JL2YVpLyscsUlalqwuxdhiHDLT5zjAu6JvMoTC103mwqgAYwM9tA==",
      "requires": {
        "@codemirror/gutter": "^0.18.0",
        "@codemirror/language": "^0.18.0",
        "@codemirror/rangeset": "^0.18.0",
        "@codemirror/state": "^0.18.0",
        "@codemirror/view": "^0.18.0"
      }
    },
    "@codemirror/gutter": {
      "version": "0.18.3",
      "resolved": "https://registry.npmjs.org/@codemirror/gutter/-/gutter-0.18.3.tgz",
      "integrity": "sha512-9ZLpR3s3MCPtB5fpRAy8af89GjO763XB4GE4HLBnESS7E1CHAuHFSTyd/ZqKHZogueF1mJhv9IQnCamEYcNMQw==",
      "requires": {
        "@codemirror/rangeset": "^0.18.0",
        "@codemirror/state": "^0.18.0",
        "@codemirror/view": "^0.18.0"
      }
    },
    "@codemirror/highlight": {
      "version": "0.18.4",
      "resolved": "https://registry.npmjs.org/@codemirror/highlight/-/highlight-0.18.4.tgz",
      "integrity": "sha512-3azJntqWrShOIq/0kVcdMc9k7ACL0LQErgK+A6aWXmCj5Mx0gShq+Iajy8AMQ2zB0v3nhCBgFaniL1LLD5m5hQ==",
      "requires": {
        "@codemirror/language": "^0.18.0",
        "@codemirror/rangeset": "^0.18.0",
        "@codemirror/state": "^0.18.0",
        "@codemirror/view": "^0.18.0",
        "lezer-tree": "^0.13.0",
        "style-mod": "^4.0.0"
      }
    },
    "@codemirror/history": {
      "version": "0.18.1",
      "resolved": "https://registry.npmjs.org/@codemirror/history/-/history-0.18.1.tgz",
      "integrity": "sha512-Aad3p4zs6UYKCUMXYjh7cvPK0ajuL+rMib9yBZ61w81LLl6OkM31Xrn9J6CLJmPxCwP3OJFiqBmNSBQ05oIsTw==",
      "requires": {
        "@codemirror/state": "^0.18.3",
        "@codemirror/view": "^0.18.0"
      }
    },
    "@codemirror/lang-javascript": {
      "version": "0.18.0",
      "resolved": "https://registry.npmjs.org/@codemirror/lang-javascript/-/lang-javascript-0.18.0.tgz",
      "integrity": "sha512-4KOkwXED9v39c17pIWoy+WKrNAYaKnAR/RRF8QZIqpuYjnMwGTe7GxMKKdq7E557fGzCVr7m34Qy7Gkhr5B41g==",
      "requires": {
        "@codemirror/autocomplete": "^0.18.0",
        "@codemirror/highlight": "^0.18.0",
        "@codemirror/language": "^0.18.0",
        "@codemirror/lint": "^0.18.0",
        "@codemirror/state": "^0.18.0",
        "@codemirror/view": "^0.18.0",
        "lezer-javascript": "^0.13.0"
      }
    },
    "@codemirror/language": {
      "version": "0.18.1",
      "resolved": "https://registry.npmjs.org/@codemirror/language/-/language-0.18.1.tgz",
      "integrity": "sha512-j/TWV8sNmzU79kk/hPLb9NqSPoH59850kQSpgY11LxOEBlKVRKgaWabgNtUCSeVCAnfisGekupk3aq2ftILqug==",
      "requires": {
        "@codemirror/state": "^0.18.0",
        "@codemirror/text": "^0.18.0",
        "@codemirror/view": "^0.18.0",
        "lezer": "^0.13.4",
        "lezer-tree": "^0.13.0"
      }
    },
    "@codemirror/lint": {
      "version": "0.18.3",
      "resolved": "https://registry.npmjs.org/@codemirror/lint/-/lint-0.18.3.tgz",
      "integrity": "sha512-ORD8bGQRv5FATJ/LUmhaVPz69ucNjMCQ53WF8TqYMw6KtlTwAFsi+GvEhYyav7CdXPAXS/Z/j0C0Op8d1Dp+lQ==",
      "requires": {
        "@codemirror/panel": "^0.18.1",
        "@codemirror/state": "^0.18.0",
        "@codemirror/tooltip": "^0.18.4",
        "@codemirror/view": "^0.18.0",
        "crelt": "^1.0.5"
      }
    },
    "@codemirror/matchbrackets": {
      "version": "0.18.0",
      "resolved": "https://registry.npmjs.org/@codemirror/matchbrackets/-/matchbrackets-0.18.0.tgz",
      "integrity": "sha512-dPDopnZVkD54sSYdmQbyQbPdiuIA83p7XxX6Hp1ScEkOjukwCiFXiA/84x10FUTsQpUYp8bDzm7gwII119bGIw==",
      "requires": {
        "@codemirror/language": "^0.18.0",
        "@codemirror/state": "^0.18.0",
        "@codemirror/view": "^0.18.0",
        "lezer-tree": "^0.13.0"
      }
    },
    "@codemirror/panel": {
      "version": "0.18.2",
      "resolved": "https://registry.npmjs.org/@codemirror/panel/-/panel-0.18.2.tgz",
      "integrity": "sha512-ea/g2aAKtfmie1kD7C8GDutD/5u+uzRJr/varUiAbHKr1sAdjtz5xYvC3GBAMYMan1GOh0vD5zP1yEupJl3b3Q==",
      "requires": {
        "@codemirror/state": "^0.18.0",
        "@codemirror/view": "^0.18.0"
      }
    },
    "@codemirror/rangeset": {
      "version": "0.18.1",
      "resolved": "https://registry.npmjs.org/@codemirror/rangeset/-/rangeset-0.18.1.tgz",
      "integrity": "sha512-Q+t92KlvDDD9oNXOvYHNL3kEUF1Y595OjSsl5GNZYI2JPY8IW9PoH1z37sgqgxMMuWQrDNp6AOrnd2j/7uBhFA==",
      "requires": {
        "@codemirror/state": "^0.18.0"
      }
    },
    "@codemirror/rectangular-selection": {
      "version": "0.18.0",
      "resolved": "https://registry.npmjs.org/@codemirror/rectangular-selection/-/rectangular-selection-0.18.0.tgz",
      "integrity": "sha512-BQ4pp2zhXCVZNqct5LtLR3AOWVseENBF/3oOgBmwsCKH7c11NfTqIqgWG5EW8NLOXp8HP8cDm3np8eWez0VkGQ==",
      "requires": {
        "@codemirror/state": "^0.18.0",
        "@codemirror/text": "^0.18.0",
        "@codemirror/view": "^0.18.0"
      }
    },
    "@codemirror/search": {
      "version": "0.18.3",
      "resolved": "https://registry.npmjs.org/@codemirror/search/-/search-0.18.3.tgz",
      "integrity": "sha512-9s8ltRtBHcEZmE9lHBmYArfdj9bpsCkxLYjvrzOVqix3wv5DVAgcfk3Kd1WkahhkTzycYULC+r9KKmelUEyTbg==",
      "requires": {
        "@codemirror/panel": "^0.18.1",
        "@codemirror/rangeset": "^0.18.0",
        "@codemirror/state": "^0.18.6",
        "@codemirror/text": "^0.18.0",
        "@codemirror/view": "^0.18.0",
        "crelt": "^1.0.5"
      }
    },
    "@codemirror/state": {
      "version": "0.18.7",
      "resolved": "https://registry.npmjs.org/@codemirror/state/-/state-0.18.7.tgz",
      "integrity": "sha512-cVyTiAC9vv90NKmGOfNtBjyIem3BqKui1L5Hfcxurp8K9votQj2oH9COcgWPnQ2Xs64yC70tEuTt9DF1pj5PFQ==",
      "requires": {
        "@codemirror/text": "^0.18.0"
      }
    },
    "@codemirror/text": {
      "version": "0.18.0",
      "resolved": "https://registry.npmjs.org/@codemirror/text/-/text-0.18.0.tgz",
      "integrity": "sha512-HMzHNIAbjCiCf3tEJMRg6ul01KPuXxQGNiHlHgAnqPguq/CX+L4Nvj5JlWQAI91Pupk18zhmM1c6eaazX4YeTg=="
    },
    "@codemirror/tooltip": {
      "version": "0.18.4",
      "resolved": "https://registry.npmjs.org/@codemirror/tooltip/-/tooltip-0.18.4.tgz",
      "integrity": "sha512-LDlDOSEfjoG24uapLN7exK3Z3JchYFKUwWqo1x/9YdlAkmD1ik7cMSQZboCquP1uJVcXhtbpKmaO6vENGVaarg==",
      "requires": {
        "@codemirror/state": "^0.18.0",
        "@codemirror/view": "^0.18.0"
      }
    },
    "@codemirror/view": {
      "version": "0.18.13",
      "resolved": "https://registry.npmjs.org/@codemirror/view/-/view-0.18.13.tgz",
      "integrity": "sha512-3aFEh9UB3JyYXG0GTneC8q6KQ87obftwHtis8FI/7NeiLfT+miuVj1By1IteRDpTQQ+7FbFnjDw4WFYhEHBcaw==",
      "requires": {
        "@codemirror/rangeset": "^0.18.0",
        "@codemirror/state": "^0.18.0",
        "@codemirror/text": "^0.18.0",
        "style-mod": "^4.0.0",
        "w3c-keyname": "^2.2.4"
      }
    },
    "@rollup/plugin-node-resolve": {
      "version": "13.0.0",
      "resolved": "https://registry.npmjs.org/@rollup/plugin-node-resolve/-/plugin-node-resolve-13.0.0.tgz",
      "integrity": "sha512-41X411HJ3oikIDivT5OKe9EZ6ud6DXudtfNrGbC4nniaxx2esiWjkLOzgnZsWq1IM8YIeL2rzRGLZLBjlhnZtQ==",
      "requires": {
        "@rollup/pluginutils": "^3.1.0",
        "@types/resolve": "1.17.1",
        "builtin-modules": "^3.1.0",
        "deepmerge": "^4.2.2",
        "is-module": "^1.0.0",
        "resolve": "^1.19.0"
      }
    },
    "@rollup/pluginutils": {
      "version": "3.1.0",
      "resolved": "https://registry.npmjs.org/@rollup/pluginutils/-/pluginutils-3.1.0.tgz",
      "integrity": "sha512-GksZ6pr6TpIjHm8h9lSQ8pi8BE9VeubNT0OMJ3B5uZJ8pz73NPiqOtCog/x2/QzM1ENChPKxMDhiQuRHsqc+lg==",
      "requires": {
        "@types/estree": "0.0.39",
        "estree-walker": "^1.0.1",
        "picomatch": "^2.2.2"
      }
    },
    "@types/estree": {
      "version": "0.0.39",
      "resolved": "https://registry.npmjs.org/@types/estree/-/estree-0.0.39.tgz",
      "integrity": "sha512-EYNwp3bU+98cpU4lAWYYL7Zz+2gryWH1qbdDTidVd6hkiR6weksdbMadyXKXNPEkQFhXM+hVO9ZygomHXp+AIw=="
    },
    "@types/node": {
      "version": "15.6.0",
      "resolved": "https://registry.npmjs.org/@types/node/-/node-15.6.0.tgz",
      "integrity": "sha512-gCYSfQpy+LYhOFTKAeE8BkyGqaxmlFxe+n4DKM6DR0wzw/HISUE/hAmkC/KT8Sw5PCJblqg062b3z9gucv3k0A=="
    },
    "@types/resolve": {
      "version": "1.17.1",
      "resolved": "https://registry.npmjs.org/@types/resolve/-/resolve-1.17.1.tgz",
      "integrity": "sha512-yy7HuzQhj0dhGpD8RLXSZWEkLsV9ibvxvi6EiJ3bkqLAO1RGo0WbkWQiwpRlSFymTJRz0d3k5LM3kkx8ArDbLw==",
      "requires": {
        "@types/node": "*"
      }
    },
    "builtin-modules": {
      "version": "3.2.0",
      "resolved": "https://registry.npmjs.org/builtin-modules/-/builtin-modules-3.2.0.tgz",
      "integrity": "sha512-lGzLKcioL90C7wMczpkY0n/oART3MbBa8R9OFGE1rJxoVI86u4WAGfEk8Wjv10eKSyTHVGkSo3bvBylCEtk7LA=="
    },
    "crelt": {
      "version": "1.0.5",
      "resolved": "https://registry.npmjs.org/crelt/-/crelt-1.0.5.tgz",
      "integrity": "sha512-+BO9wPPi+DWTDcNYhr/W90myha8ptzftZT+LwcmUbbok0rcP/fequmFYCw8NMoH7pkAZQzU78b3kYrlua5a9eA=="
    },
    "deepmerge": {
      "version": "4.2.2",
      "resolved": "https://registry.npmjs.org/deepmerge/-/deepmerge-4.2.2.tgz",
      "integrity": "sha512-FJ3UgI4gIl+PHZm53knsuSFpE+nESMr7M4v9QcgB7S63Kj/6WqMiFQJpBBYz1Pt+66bZpP3Q7Lye0Oo9MPKEdg=="
    },
    "estree-walker": {
      "version": "1.0.1",
      "resolved": "https://registry.npmjs.org/estree-walker/-/estree-walker-1.0.1.tgz",
      "integrity": "sha512-1fMXF3YP4pZZVozF8j/ZLfvnR8NSIljt56UhbZ5PeeDmmGHpgpdwQt7ITlGvYaQukCvuBRMLEiKiYC+oeIg4cg=="
    },
    "fsevents": {
      "version": "2.3.2",
      "resolved": "https://registry.npmjs.org/fsevents/-/fsevents-2.3.2.tgz",
      "integrity": "sha512-xiqMQR4xAeHTuB9uWm+fFRcIOgKBMiOBP+eXiyT7jsgVCq1bkVygt00oASowB7EdtpOHaaPgKt812P9ab+DDKA==",
      "optional": true
    },
    "function-bind": {
      "version": "1.1.1",
      "resolved": "https://registry.npmjs.org/function-bind/-/function-bind-1.1.1.tgz",
      "integrity": "sha512-yIovAzMX49sF8Yl58fSCWJ5svSLuaibPxXQJFLmBObTuCr0Mf1KiPopGM9NiFjiYBCbfaa2Fh6breQ6ANVTI0A=="
    },
    "has": {
      "version": "1.0.3",
      "resolved": "https://registry.npmjs.org/has/-/has-1.0.3.tgz",
      "integrity": "sha512-f2dvO0VU6Oej7RkWJGrehjbzMAjFp5/VKPp5tTpWIV4JHHZK1/BxbFRtf/siA2SWTe09caDmVtYYzWEIbBS4zw==",
      "requires": {
        "function-bind": "^1.1.1"
      }
    },
    "is-core-module": {
      "version": "2.4.0",
      "resolved": "https://registry.npmjs.org/is-core-module/-/is-core-module-2.4.0.tgz",
      "integrity": "sha512-6A2fkfq1rfeQZjxrZJGerpLCTHRNEBiSgnu0+obeJpEPZRUooHgsizvzv0ZjJwOz3iWIHdJtVWJ/tmPr3D21/A==",
      "requires": {
        "has": "^1.0.3"
      }
    },
    "is-module": {
      "version": "1.0.0",
      "resolved": "https://registry.npmjs.org/is-module/-/is-module-1.0.0.tgz",
      "integrity": "sha1-Mlj7afeMFNW4FdZkM2tM/7ZEFZE="
    },
    "lezer": {
      "version": "0.13.5",
      "resolved": "https://registry.npmjs.org/lezer/-/lezer-0.13.5.tgz",
      "integrity": "sha512-cAiMQZGUo2BD8mpcz7Nv1TlKzWP7YIdIRrX41CiP5bk5t4GHxskOxWUx2iAOuHlz8dO+ivbuXr0J1bfHsWD+lQ==",
      "requires": {
        "lezer-tree": "^0.13.2"
      }
    },
    "lezer-javascript": {
      "version": "0.13.4",
      "resolved": "https://registry.npmjs.org/lezer-javascript/-/lezer-javascript-0.13.4.tgz",
      "integrity": "sha512-nhRbeSwPZo2xVYq6TWyUhi/r9j0CFSUpkuA5J992Az2AYZFw2HnGVjixfP43DKufL+npJwSy0qcCcAHFQ2bFOQ==",
      "requires": {
        "lezer": "^0.13.0"
      }
    },
    "lezer-tree": {
      "version": "0.13.2",
      "resolved": "https://registry.npmjs.org/lezer-tree/-/lezer-tree-0.13.2.tgz",
      "integrity": "sha512-15ZxW8TxVNAOkHIo43Iouv4zbSkQQ5chQHBpwXcD2bBFz46RB4jYLEEww5l1V0xyIx9U2clSyyrLes+hAUFrGQ=="
    },
    "path-parse": {
      "version": "1.0.6",
      "resolved": "https://registry.npmjs.org/path-parse/-/path-parse-1.0.6.tgz",
      "integrity": "sha512-GSmOT2EbHrINBf9SR7CDELwlJ8AENk3Qn7OikK4nFYAu3Ote2+JYNVvkpAEQm3/TLNEJFD/xZJjzyxg3KBWOzw=="
    },
    "picomatch": {
      "version": "2.3.0",
      "resolved": "https://registry.npmjs.org/picomatch/-/picomatch-2.3.0.tgz",
      "integrity": "sha512-lY1Q/PiJGC2zOv/z391WOTD+Z02bCgsFfvxoXXf6h7kv9o+WmsmzYqrAwY63sNgOxE4xEdq0WyUnXfKeBrSvYw=="
    },
    "resolve": {
      "version": "1.20.0",
      "resolved": "https://registry.npmjs.org/resolve/-/resolve-1.20.0.tgz",
      "integrity": "sha512-wENBPt4ySzg4ybFQW2TT1zMQucPK95HSh/nq2CFTZVOGut2+pQvSsgtda4d26YrYcr067wjbmzOG8byDPBX63A==",
      "requires": {
        "is-core-module": "^2.2.0",
        "path-parse": "^1.0.6"
      }
    },
    "rollup": {
      "version": "2.49.0",
      "resolved": "https://registry.npmjs.org/rollup/-/rollup-2.49.0.tgz",
      "integrity": "sha512-UnrCjMXICx9q0jF8L7OYs7LPk95dW0U5UYp/VANnWqfuhyr66FWi/YVlI34Oy8Tp4ZGLcaUDt4APJm80b9oPWQ==",
      "requires": {
        "fsevents": "~2.3.1"
      }
    },
    "style-mod": {
      "version": "4.0.0",
      "resolved": "https://registry.npmjs.org/style-mod/-/style-mod-4.0.0.tgz",
      "integrity": "sha512-OPhtyEjyyN9x3nhPsu76f52yUGXiZcgvsrFVtvTkyGRQJ0XK+GPc6ov1z+lRpbeabka+MYEQxOYRnt5nF30aMw=="
    },
    "w3c-keyname": {
      "version": "2.2.4",
      "resolved": "https://registry.npmjs.org/w3c-keyname/-/w3c-keyname-2.2.4.tgz",
      "integrity": "sha512-tOhfEwEzFLJzf6d1ZPkYfGj+FWhIpBux9ppoP3rlclw3Z0BZv3N7b7030Z1kYth+6rDuAsXUFr+d0VE6Ed1ikw=="
    }
  }
}
